
Microsoft Visual Studio Solution File, Format Version 12.00
# Visual Studio Version 16
VisualStudioVersion = 16.0.30503.244
MinimumVisualStudioVersion = 10.0.40219.1
Project("{FAE04EC0-301F-11D3-BF4B-00C04F79EFBC}") = "UPS.Assignment.EmployeeManagement.Core", "UPS.Assignment.EmployeeManagement.Core\UPS.Assignment.EmployeeManagement.Core.csproj", "{CC3A622A-9925-4241-BDA0-30F36431D6E9}"
EndProject
Project("{FAE04EC0-301F-11D3-BF4B-00C04F79EFBC}") = "UPS.Assignment.EmployeeManagement.ApplicationServices", "UPS.Assignment.EmployeeManagement.ApplicationServices\UPS.Assignment.EmployeeManagement.ApplicationServices.csproj", "{73706B52-5B4B-4588-8F17-75079E394057}"
EndProject
Project("{FAE04EC0-301F-11D3-BF4B-00C04F79EFBC}") = "UPS.Assignment.EmployeeManagement.UI", "UPS.Assignment.EmployeeManagement.UI\UPS.Assignment.EmployeeManagement.UI.csproj", "{CFD485B1-1DC4-4483-9451-B36A9A6EB9AA}"
EndProject
Project("{FAE04EC0-301F-11D3-BF4B-00C04F79EFBC}") = "UPS.Assignment.EmployeeManagement.Common", "UPS.Assignment.EmployeeManagement.Common\UPS.Assignment.EmployeeManagement.Common.csproj", "{04300155-3D59-4769-ACD0-FCE9D9B1FABD}"
EndProject
Global
	GlobalSection(SolutionConfigurationPlatforms) = preSolution
		Debug|Any CPU = Debug|Any CPU
		Release|Any CPU = Release|Any CPU
	EndGlobalSection
	GlobalSection(ProjectConfigurationPlatforms) = postSolution
		{CC3A622A-9925-4241-BDA0-30F36431D6E9}.Debug|Any CPU.ActiveCfg = Debug|Any CPU
		{CC3A622A-9925-4241-BDA0-30F36431D6E9}.Debug|Any CPU.Build.0 = Debug|Any CPU
		{CC3A622A-9925-4241-BDA0-30F36431D6E9}.Release|Any CPU.ActiveCfg = Release|Any CPU
		{CC3A622A-9925-4241-BDA0-30F36431D6E9}.Release|Any CPU.Build.0 = Release|Any CPU
		{73706B52-5B4B-4588-8F17-75079E394057}.Debug|Any CPU.ActiveCfg = Debug|Any CPU
		{73706B52-5B4B-4588-8F17-75079E394057}.Debug|Any CPU.Build.0 = Debug|Any CPU
		{73706B52-5B4B-4588-8F17-75079E394057}.Release|Any CPU.ActiveCfg = Release|Any CPU
		{73706B52-5B4B-4588-8F17-75079E394057}.Release|Any CPU.Build.0 = Release|Any CPU
		{CFD485B1-1DC4-4483-9451-B36A9A6EB9AA}.Debug|Any CPU.ActiveCfg = Debug|Any CPU
		{CFD485B1-1DC4-4483-9451-B36A9A6EB9AA}.Debug|Any CPU.Build.0 = Debug|Any CPU
		{CFD485B1-1DC4-4483-9451-B36A9A6EB9AA}.Release|Any CPU.ActiveCfg = Release|Any CPU
		{CFD485B1-1DC4-4483-9451-B36A9A6EB9AA}.Release|Any CPU.Build.0 = Release|Any CPU
		{04300155-3D59-4769-ACD0-FCE9D9B1FABD}.Debug|Any CPU.ActiveCfg = Debug|Any CPU
		{04300155-3D59-4769-ACD0-FCE9D9B1FABD}.Debug|Any CPU.Build.0 = Debug|Any CPU
		{04300155-3D59-4769-ACD0-FCE9D9B1FABD}.Release|Any CPU.ActiveCfg = Release|Any CPU
		{04300155-3D59-4769-ACD0-FCE9D9B1FABD}.Release|Any CPU.Build.0 = Release|Any CPU
	EndGlobalSection
	GlobalSection(SolutionProperties) = preSolution
		HideSolutionNode = FALSE
	EndGlobalSection
	GlobalSection(ExtensibilityGlobals) = postSolution
		SolutionGuid = {91AAD50B-E971-475F-8D81-66CDA8A42E0B}
	EndGlobalSection
EndGlobal
